
Microsoft Visual Studio Solution File, Format Version 12.00
# Visual Studio Version 17
VisualStudioVersion = 17.11.35005.142
MinimumVisualStudioVersion = 10.0.40219.1
Project("{9A19103F-16F7-4668-BE54-9A1E7A4F7556}") = "Builder", "Builder\Builder.csproj", "{48F83EDE-7A7D-40E9-8F0E-87A125CDD774}"
EndProject
Project("{9A19103F-16F7-4668-BE54-9A1E7A4F7556}") = "Factory", "Factory\Factory.csproj", "{417AEFAF-1D12-4D9D-BD61-01D65C41DA5E}"
EndProject
Project("{9A19103F-16F7-4668-BE54-9A1E7A4F7556}") = "AbstractFactory", "AbstractFactory\AbstractFactory.csproj", "{B85086A1-6180-4FA6-94AA-409D0DE0D491}"
EndProject
Project("{9A19103F-16F7-4668-BE54-9A1E7A4F7556}") = "Prototype", "Prototype\Prototype.csproj", "{49C59710-1F72-47D1-9495-0C75EE302B90}"
EndProject
Project("{9A19103F-16F7-4668-BE54-9A1E7A4F7556}") = "Singleton", "Singleton\Singleton.csproj", "{B318BCD3-15C5-41CC-83DA-8FF5B2DA1032}"
EndProject
Project("{FAE04EC0-301F-11D3-BF4B-00C04F79EFBC}") = "Strategy", "Strategy\Strategy.csproj", "{B5884FCE-2164-46F3-8517-E4DD468F6DD2}"
EndProject
Project("{FAE04EC0-301F-11D3-BF4B-00C04F79EFBC}") = "Observer", "Observer\Observer.csproj", "{1CDF3020-2FFB-41AE-AC29-16E4936124DE}"
EndProject
Project("{FAE04EC0-301F-11D3-BF4B-00C04F79EFBC}") = "Mediator", "Mediator\Mediator.csproj", "{1BA1637E-FF01-4B3B-A289-8CF45CC3A3DC}"
EndProject
Project("{FAE04EC0-301F-11D3-BF4B-00C04F79EFBC}") = "Bridge", "Bridge\Bridge.csproj", "{0AF20B54-DE66-4FE4-803B-732FFFDFF68C}"
EndProject
Project("{FAE04EC0-301F-11D3-BF4B-00C04F79EFBC}") = "Memento", "Memento\Memento.csproj", "{D59F1315-AA98-46A7-904C-6CF59B6341AD}"
EndProject
Project("{FAE04EC0-301F-11D3-BF4B-00C04F79EFBC}") = "Visitor", "Visitor\Visitor.csproj", "{EED78B1E-4EC8-4C8E-9653-0FCEA3823CC8}"
EndProject
Project("{FAE04EC0-301F-11D3-BF4B-00C04F79EFBC}") = "Composite", "Composite\Composite.csproj", "{BF09CE3D-BDF6-4765-8A03-B92E29CCA146}"
EndProject
Global
	GlobalSection(SolutionConfigurationPlatforms) = preSolution
		Debug|Any CPU = Debug|Any CPU
		Release|Any CPU = Release|Any CPU
	EndGlobalSection
	GlobalSection(ProjectConfigurationPlatforms) = postSolution
		{48F83EDE-7A7D-40E9-8F0E-87A125CDD774}.Debug|Any CPU.ActiveCfg = Debug|Any CPU
		{48F83EDE-7A7D-40E9-8F0E-87A125CDD774}.Debug|Any CPU.Build.0 = Debug|Any CPU
		{48F83EDE-7A7D-40E9-8F0E-87A125CDD774}.Release|Any CPU.ActiveCfg = Release|Any CPU
		{48F83EDE-7A7D-40E9-8F0E-87A125CDD774}.Release|Any CPU.Build.0 = Release|Any CPU
		{417AEFAF-1D12-4D9D-BD61-01D65C41DA5E}.Debug|Any CPU.ActiveCfg = Debug|Any CPU
		{417AEFAF-1D12-4D9D-BD61-01D65C41DA5E}.Debug|Any CPU.Build.0 = Debug|Any CPU
		{417AEFAF-1D12-4D9D-BD61-01D65C41DA5E}.Release|Any CPU.ActiveCfg = Release|Any CPU
		{417AEFAF-1D12-4D9D-BD61-01D65C41DA5E}.Release|Any CPU.Build.0 = Release|Any CPU
		{B85086A1-6180-4FA6-94AA-409D0DE0D491}.Debug|Any CPU.ActiveCfg = Debug|Any CPU
		{B85086A1-6180-4FA6-94AA-409D0DE0D491}.Debug|Any CPU.Build.0 = Debug|Any CPU
		{B85086A1-6180-4FA6-94AA-409D0DE0D491}.Release|Any CPU.ActiveCfg = Release|Any CPU
		{B85086A1-6180-4FA6-94AA-409D0DE0D491}.Release|Any CPU.Build.0 = Release|Any CPU
		{49C59710-1F72-47D1-9495-0C75EE302B90}.Debug|Any CPU.ActiveCfg = Debug|Any CPU
		{49C59710-1F72-47D1-9495-0C75EE302B90}.Debug|Any CPU.Build.0 = Debug|Any CPU
		{49C59710-1F72-47D1-9495-0C75EE302B90}.Release|Any CPU.ActiveCfg = Release|Any CPU
		{49C59710-1F72-47D1-9495-0C75EE302B90}.Release|Any CPU.Build.0 = Release|Any CPU
		{B318BCD3-15C5-41CC-83DA-8FF5B2DA1032}.Debug|Any CPU.ActiveCfg = Debug|Any CPU
		{B318BCD3-15C5-41CC-83DA-8FF5B2DA1032}.Debug|Any CPU.Build.0 = Debug|Any CPU
		{B318BCD3-15C5-41CC-83DA-8FF5B2DA1032}.Release|Any CPU.ActiveCfg = Release|Any CPU
		{B318BCD3-15C5-41CC-83DA-8FF5B2DA1032}.Release|Any CPU.Build.0 = Release|Any CPU
		{B5884FCE-2164-46F3-8517-E4DD468F6DD2}.Debug|Any CPU.ActiveCfg = Debug|Any CPU
		{B5884FCE-2164-46F3-8517-E4DD468F6DD2}.Debug|Any CPU.Build.0 = Debug|Any CPU
		{B5884FCE-2164-46F3-8517-E4DD468F6DD2}.Release|Any CPU.ActiveCfg = Release|Any CPU
		{B5884FCE-2164-46F3-8517-E4DD468F6DD2}.Release|Any CPU.Build.0 = Release|Any CPU
		{1CDF3020-2FFB-41AE-AC29-16E4936124DE}.Debug|Any CPU.ActiveCfg = Debug|Any CPU
		{1CDF3020-2FFB-41AE-AC29-16E4936124DE}.Debug|Any CPU.Build.0 = Debug|Any CPU
		{1CDF3020-2FFB-41AE-AC29-16E4936124DE}.Release|Any CPU.ActiveCfg = Release|Any CPU
		{1CDF3020-2FFB-41AE-AC29-16E4936124DE}.Release|Any CPU.Build.0 = Release|Any CPU
		{1BA1637E-FF01-4B3B-A289-8CF45CC3A3DC}.Debug|Any CPU.ActiveCfg = Debug|Any CPU
		{1BA1637E-FF01-4B3B-A289-8CF45CC3A3DC}.Debug|Any CPU.Build.0 = Debug|Any CPU
		{1BA1637E-FF01-4B3B-A289-8CF45CC3A3DC}.Release|Any CPU.ActiveCfg = Release|Any CPU
		{1BA1637E-FF01-4B3B-A289-8CF45CC3A3DC}.Release|Any CPU.Build.0 = Release|Any CPU
		{0AF20B54-DE66-4FE4-803B-732FFFDFF68C}.Debug|Any CPU.ActiveCfg = Debug|Any CPU
		{0AF20B54-DE66-4FE4-803B-732FFFDFF68C}.Debug|Any CPU.Build.0 = Debug|Any CPU
		{0AF20B54-DE66-4FE4-803B-732FFFDFF68C}.Release|Any CPU.ActiveCfg = Release|Any CPU
		{0AF20B54-DE66-4FE4-803B-732FFFDFF68C}.Release|Any CPU.Build.0 = Release|Any CPU
		{D59F1315-AA98-46A7-904C-6CF59B6341AD}.Debug|Any CPU.ActiveCfg = Debug|Any CPU
		{D59F1315-AA98-46A7-904C-6CF59B6341AD}.Debug|Any CPU.Build.0 = Debug|Any CPU
		{D59F1315-AA98-46A7-904C-6CF59B6341AD}.Release|Any CPU.ActiveCfg = Release|Any CPU
		{D59F1315-AA98-46A7-904C-6CF59B6341AD}.Release|Any CPU.Build.0 = Release|Any CPU
		{EED78B1E-4EC8-4C8E-9653-0FCEA3823CC8}.Debug|Any CPU.ActiveCfg = Debug|Any CPU
		{EED78B1E-4EC8-4C8E-9653-0FCEA3823CC8}.Debug|Any CPU.Build.0 = Debug|Any CPU
		{EED78B1E-4EC8-4C8E-9653-0FCEA3823CC8}.Release|Any CPU.ActiveCfg = Release|Any CPU
		{EED78B1E-4EC8-4C8E-9653-0FCEA3823CC8}.Release|Any CPU.Build.0 = Release|Any CPU
		{BF09CE3D-BDF6-4765-8A03-B92E29CCA146}.Debug|Any CPU.ActiveCfg = Debug|Any CPU
		{BF09CE3D-BDF6-4765-8A03-B92E29CCA146}.Debug|Any CPU.Build.0 = Debug|Any CPU
		{BF09CE3D-BDF6-4765-8A03-B92E29CCA146}.Release|Any CPU.ActiveCfg = Release|Any CPU
		{BF09CE3D-BDF6-4765-8A03-B92E29CCA146}.Release|Any CPU.Build.0 = Release|Any CPU
	EndGlobalSection
	GlobalSection(SolutionProperties) = preSolution
		HideSolutionNode = FALSE
	EndGlobalSection
	GlobalSection(ExtensibilityGlobals) = postSolution
		SolutionGuid = {9584BF92-CCA5-4BC1-8587-47EC972A7CAC}
	EndGlobalSection
EndGlobal
